
Microsoft Visual Studio Solution File, Format Version 12.00
# Visual Studio Version 17
VisualStudioVersion = 17.11.35312.102
MinimumVisualStudioVersion = 10.0.40219.1
Project("{9A19103F-16F7-4668-BE54-9A1E7A4F7556}") = "CrudTaskAPI", "CrudTaskAPI\CrudTaskAPI.csproj", "{3D316316-457B-4008-9DBD-6747D8EE07CD}"
EndProject
Project("{9A19103F-16F7-4668-BE54-9A1E7A4F7556}") = "CrudTaskAPI.Domain", "CrudTaskAPI.Domain\CrudTaskAPI.Domain.csproj", "{C9EF695E-EEF4-40F6-9289-68822265AF1F}"
EndProject
Project("{9A19103F-16F7-4668-BE54-9A1E7A4F7556}") = "CrudTaskAPI.Application", "CrudTaskAPI.Application\CrudTaskAPI.Application.csproj", "{E878C9AE-F8C9-4282-AE6F-4EF02174933B}"
EndProject
Project("{9A19103F-16F7-4668-BE54-9A1E7A4F7556}") = "CrudTaskAPI.Infra", "CrudTaskAPI.Infra\CrudTaskAPI.Infra.csproj", "{555822F9-713F-4F91-93FF-F1A7CD498E2D}"
EndProject
Global
	GlobalSection(SolutionConfigurationPlatforms) = preSolution
		Debug|Any CPU = Debug|Any CPU
		Release|Any CPU = Release|Any CPU
	EndGlobalSection
	GlobalSection(ProjectConfigurationPlatforms) = postSolution
		{3D316316-457B-4008-9DBD-6747D8EE07CD}.Debug|Any CPU.ActiveCfg = Debug|Any CPU
		{3D316316-457B-4008-9DBD-6747D8EE07CD}.Debug|Any CPU.Build.0 = Debug|Any CPU
		{3D316316-457B-4008-9DBD-6747D8EE07CD}.Release|Any CPU.ActiveCfg = Release|Any CPU
		{3D316316-457B-4008-9DBD-6747D8EE07CD}.Release|Any CPU.Build.0 = Release|Any CPU
		{C9EF695E-EEF4-40F6-9289-68822265AF1F}.Debug|Any CPU.ActiveCfg = Debug|Any CPU
		{C9EF695E-EEF4-40F6-9289-68822265AF1F}.Debug|Any CPU.Build.0 = Debug|Any CPU
		{C9EF695E-EEF4-40F6-9289-68822265AF1F}.Release|Any CPU.ActiveCfg = Release|Any CPU
		{C9EF695E-EEF4-40F6-9289-68822265AF1F}.Release|Any CPU.Build.0 = Release|Any CPU
		{E878C9AE-F8C9-4282-AE6F-4EF02174933B}.Debug|Any CPU.ActiveCfg = Debug|Any CPU
		{E878C9AE-F8C9-4282-AE6F-4EF02174933B}.Debug|Any CPU.Build.0 = Debug|Any CPU
		{E878C9AE-F8C9-4282-AE6F-4EF02174933B}.Release|Any CPU.ActiveCfg = Release|Any CPU
		{E878C9AE-F8C9-4282-AE6F-4EF02174933B}.Release|Any CPU.Build.0 = Release|Any CPU
		{555822F9-713F-4F91-93FF-F1A7CD498E2D}.Debug|Any CPU.ActiveCfg = Debug|Any CPU
		{555822F9-713F-4F91-93FF-F1A7CD498E2D}.Debug|Any CPU.Build.0 = Debug|Any CPU
		{555822F9-713F-4F91-93FF-F1A7CD498E2D}.Release|Any CPU.ActiveCfg = Release|Any CPU
		{555822F9-713F-4F91-93FF-F1A7CD498E2D}.Release|Any CPU.Build.0 = Release|Any CPU
	EndGlobalSection
	GlobalSection(SolutionProperties) = preSolution
		HideSolutionNode = FALSE
	EndGlobalSection
	GlobalSection(ExtensibilityGlobals) = postSolution
		SolutionGuid = {6B1669CE-ABA8-4022-814B-CA2A191A0FD3}
	EndGlobalSection
EndGlobal
